hash: a0ebc42ab5fa5f95e74bdb0c2d954f1f7bae9c5db82fa912b1ef7f4e2c5e4bc4
updated: 2017-10-08T13:02:08.54766738+09:00
imports:
- name: github.com/kelseyhightower/envconfig
  version: 462fda1f11d8cad3660e52737b8beefd27acfb3f
- name: github.com/neovim/go-client
  version: 41046447d68e201c1988a66b665ab8a41536c028
  subpackages:
  - msgpack
  - msgpack/rpc
  - nvim
  - nvim/plugin
- name: github.com/NoahOrberg/gilbert
  version: 335da656cd58bfa6b9f7423bed2ffd43e5b48309
  subpackages:
  - config
  - gist
- name: golang.org/x/crypto
  version: 9419663f5a44be8b34ca85f08abc5fe1be11f8a3
  subpackages:
  - ssh/terminal
- name: golang.org/x/sys
  version: ebfc5b4631820b793c9010c87fd8fef0f39eb082
  subpackages:
  - unix
  - windows
testImports: []
