hash: 30b0988cb16b20d3ed3012499d1d53851226b3689da384fe7a9523dfb1e02ed3
updated: 2017-10-08T12:26:49.103324005+09:00
imports:
- name: github.com/kelseyhightower/envconfig
  version: 462fda1f11d8cad3660e52737b8beefd27acfb3f
- name: github.com/neovim/go-client
  version: 41046447d68e201c1988a66b665ab8a41536c028
  subpackages:
  - msgpack
  - msgpack/rpc
  - nvim
  - nvim/plugin
- name: github.com/NoahOrberg/gilbert
  version: 335da656cd58bfa6b9f7423bed2ffd43e5b48309
  subpackages:
  - config
  - gist
- name: github.com/NoahOrberg/gilbert.nvim
  version: 7c01755a5c4a5a9a317abb853c77c112d110bff5
  subpackages:
  - command
- name: golang.org/x/crypto
  version: 9419663f5a44be8b34ca85f08abc5fe1be11f8a3
  subpackages:
  - ssh/terminal
- name: golang.org/x/sys
  version: ebfc5b4631820b793c9010c87fd8fef0f39eb082
  subpackages:
  - unix
  - windows
testImports: []
