hash: 56e6ee923676a1fa736ef6f5b7bdb885cec48c0982a7616eb27cca12fbdeed80
updated: 2017-11-12T00:15:02.25941864+09:00
imports:
- name: github.com/kelseyhightower/envconfig
  version: 462fda1f11d8cad3660e52737b8beefd27acfb3f
- name: github.com/neovim/go-client
  version: 41046447d68e201c1988a66b665ab8a41536c028
  subpackages:
  - msgpack
  - msgpack/rpc
  - nvim
  - nvim/plugin
- name: github.com/NoahOrberg/gilbert
  version: 7fe8bbcf9ef74c7d065ff2b1675a59350b848bb1
  subpackages:
  - config
  - gist
- name: github.com/NoahOrberg/nvim-go-util
  version: fc4229fe80aa2231e8f5e66187f1cae4ce7a54b0
  subpackages:
  - util
- name: go.uber.org/atomic
  version: 4e336646b2ef9fc6e47be8e21594178f98e5ebcf
- name: go.uber.org/multierr
  version: fb7d312c2c04c34f0ad621048bbb953b168f9ff6
testImports: []
